
Microsoft Visual Studio Solution File, Format Version 12.00
# Visual Studio 15
VisualStudioVersion = 15.0.27130.2036
MinimumVisualStudioVersion = 10.0.40219.1
Project("{2150E333-8FDC-42A3-9474-1A3956D46DE8}") = "Business", "Business", "{679CB881-AF26-4F8D-92C2-8ED423D58C58}"
EndProject
Project("{2150E333-8FDC-42A3-9474-1A3956D46DE8}") = "Client", "Client", "{A78BE662-7233-4E76-BD94-89A492ED22BD}"
EndProject
Project("{2150E333-8FDC-42A3-9474-1A3956D46DE8}") = "Core", "Core", "{B9FE35FE-E504-4AB7-AA06-23A6304665B6}"
EndProject
Project("{2150E333-8FDC-42A3-9474-1A3956D46DE8}") = "Hosts", "Hosts", "{F5AF23B0-96B8-42A2-8FD3-02E7F2B95633}"
EndProject
Project("{2150E333-8FDC-42A3-9474-1A3956D46DE8}") = "Data Access", "Data Access", "{2A8F990A-BE1C-41F8-9FC1-A62CC26DB616}"
EndProject
Project("{2150E333-8FDC-42A3-9474-1A3956D46DE8}") = "Tests", "Tests", "{F6F381F7-EB7E-47CD-AC4A-9A44F50AD4F4}"
EndProject
Project("{FAE04EC0-301F-11D3-BF4B-00C04F79EFBC}") = "Business.Entities", "Business.Entities\Business.Entities.csproj", "{31EE98AF-21D1-46DF-A53E-C30D1FEDA808}"
EndProject
Project("{FAE04EC0-301F-11D3-BF4B-00C04F79EFBC}") = "Business.Services", "Business.Services\Business.Services.csproj", "{0B9A4FDA-35FC-4FC0-B5F1-31078FE53EEC}"
EndProject
Project("{FAE04EC0-301F-11D3-BF4B-00C04F79EFBC}") = "Client.Contracts", "Client.Contracts\Client.Contracts.csproj", "{517444B2-4100-476F-AF6A-964865DD9F53}"
EndProject
Project("{FAE04EC0-301F-11D3-BF4B-00C04F79EFBC}") = "Client.Entities", "Client.Entities\Client.Entities.csproj", "{DFD32955-8382-4846-B25E-6285516DCFCE}"
EndProject
Project("{FAE04EC0-301F-11D3-BF4B-00C04F79EFBC}") = "Client.Proxies", "Client.Proxies\Client.Proxies.csproj", "{997C970F-16E9-46E2-ABFA-4B33AF28386A}"
EndProject
Project("{FAE04EC0-301F-11D3-BF4B-00C04F79EFBC}") = "Core.Common", "Core.Common\Core.Common.csproj", "{911EE3FD-E63F-41E2-9D09-9104E3D5E034}"
EndProject
Project("{FAE04EC0-301F-11D3-BF4B-00C04F79EFBC}") = "WCF.DependencyInjection.Web", "WCF.DependencyInjection.Web\WCF.DependencyInjection.Web.csproj", "{57572134-E540-4282-949D-0914E72604E6}"
EndProject
Project("{FAE04EC0-301F-11D3-BF4B-00C04F79EFBC}") = "Data.Core", "Data.Core\Data.Core.csproj", "{BB9A741E-1909-4345-AE7C-5896B83CF686}"
EndProject
Project("{FAE04EC0-301F-11D3-BF4B-00C04F79EFBC}") = "Test.Proxies", "Test.Proxies\Test.Proxies.csproj", "{6ADA4855-96FC-4E0E-962A-74943974781D}"
EndProject
Global
	GlobalSection(SolutionConfigurationPlatforms) = preSolution
		Debug|Any CPU = Debug|Any CPU
		Release|Any CPU = Release|Any CPU
	EndGlobalSection
	GlobalSection(ProjectConfigurationPlatforms) = postSolution
		{31EE98AF-21D1-46DF-A53E-C30D1FEDA808}.Debug|Any CPU.ActiveCfg = Debug|Any CPU
		{31EE98AF-21D1-46DF-A53E-C30D1FEDA808}.Debug|Any CPU.Build.0 = Debug|Any CPU
		{31EE98AF-21D1-46DF-A53E-C30D1FEDA808}.Release|Any CPU.ActiveCfg = Release|Any CPU
		{31EE98AF-21D1-46DF-A53E-C30D1FEDA808}.Release|Any CPU.Build.0 = Release|Any CPU
		{0B9A4FDA-35FC-4FC0-B5F1-31078FE53EEC}.Debug|Any CPU.ActiveCfg = Debug|Any CPU
		{0B9A4FDA-35FC-4FC0-B5F1-31078FE53EEC}.Debug|Any CPU.Build.0 = Debug|Any CPU
		{0B9A4FDA-35FC-4FC0-B5F1-31078FE53EEC}.Release|Any CPU.ActiveCfg = Release|Any CPU
		{0B9A4FDA-35FC-4FC0-B5F1-31078FE53EEC}.Release|Any CPU.Build.0 = Release|Any CPU
		{517444B2-4100-476F-AF6A-964865DD9F53}.Debug|Any CPU.ActiveCfg = Debug|Any CPU
		{517444B2-4100-476F-AF6A-964865DD9F53}.Debug|Any CPU.Build.0 = Debug|Any CPU
		{517444B2-4100-476F-AF6A-964865DD9F53}.Release|Any CPU.ActiveCfg = Release|Any CPU
		{517444B2-4100-476F-AF6A-964865DD9F53}.Release|Any CPU.Build.0 = Release|Any CPU
		{DFD32955-8382-4846-B25E-6285516DCFCE}.Debug|Any CPU.ActiveCfg = Debug|Any CPU
		{DFD32955-8382-4846-B25E-6285516DCFCE}.Debug|Any CPU.Build.0 = Debug|Any CPU
		{DFD32955-8382-4846-B25E-6285516DCFCE}.Release|Any CPU.ActiveCfg = Release|Any CPU
		{DFD32955-8382-4846-B25E-6285516DCFCE}.Release|Any CPU.Build.0 = Release|Any CPU
		{997C970F-16E9-46E2-ABFA-4B33AF28386A}.Debug|Any CPU.ActiveCfg = Debug|Any CPU
		{997C970F-16E9-46E2-ABFA-4B33AF28386A}.Debug|Any CPU.Build.0 = Debug|Any CPU
		{997C970F-16E9-46E2-ABFA-4B33AF28386A}.Release|Any CPU.ActiveCfg = Release|Any CPU
		{997C970F-16E9-46E2-ABFA-4B33AF28386A}.Release|Any CPU.Build.0 = Release|Any CPU
		{911EE3FD-E63F-41E2-9D09-9104E3D5E034}.Debug|Any CPU.ActiveCfg = Debug|Any CPU
		{911EE3FD-E63F-41E2-9D09-9104E3D5E034}.Debug|Any CPU.Build.0 = Debug|Any CPU
		{911EE3FD-E63F-41E2-9D09-9104E3D5E034}.Release|Any CPU.ActiveCfg = Release|Any CPU
		{911EE3FD-E63F-41E2-9D09-9104E3D5E034}.Release|Any CPU.Build.0 = Release|Any CPU
		{57572134-E540-4282-949D-0914E72604E6}.Debug|Any CPU.ActiveCfg = Debug|Any CPU
		{57572134-E540-4282-949D-0914E72604E6}.Debug|Any CPU.Build.0 = Debug|Any CPU
		{57572134-E540-4282-949D-0914E72604E6}.Release|Any CPU.ActiveCfg = Release|Any CPU
		{57572134-E540-4282-949D-0914E72604E6}.Release|Any CPU.Build.0 = Release|Any CPU
		{BB9A741E-1909-4345-AE7C-5896B83CF686}.Debug|Any CPU.ActiveCfg = Debug|Any CPU
		{BB9A741E-1909-4345-AE7C-5896B83CF686}.Debug|Any CPU.Build.0 = Debug|Any CPU
		{BB9A741E-1909-4345-AE7C-5896B83CF686}.Release|Any CPU.ActiveCfg = Release|Any CPU
		{BB9A741E-1909-4345-AE7C-5896B83CF686}.Release|Any CPU.Build.0 = Release|Any CPU
		{6ADA4855-96FC-4E0E-962A-74943974781D}.Debug|Any CPU.ActiveCfg = Debug|Any CPU
		{6ADA4855-96FC-4E0E-962A-74943974781D}.Debug|Any CPU.Build.0 = Debug|Any CPU
		{6ADA4855-96FC-4E0E-962A-74943974781D}.Release|Any CPU.ActiveCfg = Release|Any CPU
		{6ADA4855-96FC-4E0E-962A-74943974781D}.Release|Any CPU.Build.0 = Release|Any CPU
	EndGlobalSection
	GlobalSection(SolutionProperties) = preSolution
		HideSolutionNode = FALSE
	EndGlobalSection
	GlobalSection(NestedProjects) = preSolution
		{31EE98AF-21D1-46DF-A53E-C30D1FEDA808} = {679CB881-AF26-4F8D-92C2-8ED423D58C58}
		{0B9A4FDA-35FC-4FC0-B5F1-31078FE53EEC} = {679CB881-AF26-4F8D-92C2-8ED423D58C58}
		{517444B2-4100-476F-AF6A-964865DD9F53} = {A78BE662-7233-4E76-BD94-89A492ED22BD}
		{DFD32955-8382-4846-B25E-6285516DCFCE} = {A78BE662-7233-4E76-BD94-89A492ED22BD}
		{997C970F-16E9-46E2-ABFA-4B33AF28386A} = {A78BE662-7233-4E76-BD94-89A492ED22BD}
		{911EE3FD-E63F-41E2-9D09-9104E3D5E034} = {B9FE35FE-E504-4AB7-AA06-23A6304665B6}
		{57572134-E540-4282-949D-0914E72604E6} = {F5AF23B0-96B8-42A2-8FD3-02E7F2B95633}
		{BB9A741E-1909-4345-AE7C-5896B83CF686} = {2A8F990A-BE1C-41F8-9FC1-A62CC26DB616}
		{6ADA4855-96FC-4E0E-962A-74943974781D} = {F6F381F7-EB7E-47CD-AC4A-9A44F50AD4F4}
	EndGlobalSection
	GlobalSection(ExtensibilityGlobals) = postSolution
		SolutionGuid = {8AB75425-5CA2-4F49-9EC4-364DF023CBA4}
	EndGlobalSection
EndGlobal
